// !$*UTF8*$!
{
	archiveVersion = 1;
	classes = {
	};
	objectVersion = 46;
	objects = {

/* Begin PBXBuildFile section */
		6698D1BA18E9E88F002C2858 /* Foundation.framework in Frameworks */ = {isa = PBXBuildFile; fileRef = 6698D1B918E9E88F002C2858 /* Foundation.framework */; };
		6698D1BC18E9E88F002C2858 /* CoreGraphics.framework in Frameworks */ = {isa = PBXBuildFile; fileRef = 6698D1BB18E9E88F002C2858 /* CoreGraphics.framework */; };
		6698D1BE18E9E88F002C2858 /* UIKit.framework in Frameworks */ = {isa = PBXBuildFile; fileRef = 6698D1BD18E9E88F002C2858 /* UIKit.framework */; };
		6698D1C418E9E88F002C2858 /* InfoPlist.strings in Resources */ = {isa = PBXBuildFile; fileRef = 6698D1C218E9E88F002C2858 /* InfoPlist.strings */; };
		6698D1C618E9E88F002C2858 /* main.m in Sources */ = {isa = PBXBuildFile; fileRef = 6698D1C518E9E88F002C2858 /* main.m */; };
		6698D1CA18E9E88F002C2858 /* DWFAppDelegate.m in Sources */ = {isa = PBXBuildFile; fileRef = 6698D1C918E9E88F002C2858 /* DWFAppDelegate.m */; };
		6698D1CD18E9E88F002C2858 /* Main.storyboard in Resources */ = {isa = PBXBuildFile; fileRef = 6698D1CB18E9E88F002C2858 /* Main.storyboard */; };
		6698D1D018E9E88F002C2858 /* DWFViewController.m in Sources */ = {isa = PBXBuildFile; fileRef = 6698D1CF18E9E88F002C2858 /* DWFViewController.m */; };
		6698D1D218E9E88F002C2858 /* Images.xcassets in Resources */ = {isa = PBXBuildFile; fileRef = 6698D1D118E9E88F002C2858 /* Images.xcassets */; };
		6698D1D918E9E88F002C2858 /* XCTest.framework in Frameworks */ = {isa = PBXBuildFile; fileRef = 6698D1D818E9E88F002C2858 /* XCTest.framework */; };
		6698D1DA18E9E88F002C2858 /* Foundation.framework in Frameworks */ = {isa = PBXBuildFile; fileRef = 6698D1B918E9E88F002C2858 /* Foundation.framework */; };
		6698D1DB18E9E88F002C2858 /* UIKit.framework in Frameworks */ = {isa = PBXBuildFile; fileRef = 6698D1BD18E9E88F002C2858 /* UIKit.framework */; };
		6698D1E318E9E88F002C2858 /* InfoPlist.strings in Resources */ = {isa = PBXBuildFile; fileRef = 6698D1E118E9E88F002C2858 /* InfoPlist.strings */; };
		6698D1E518E9E88F002C2858 /* W1D1Tests.m in Sources */ = {isa = PBXBuildFile; fileRef = 6698D1E418E9E88F002C2858 /* W1D1Tests.m */; };
/* End PBXBuildFile section */

/* Begin PBXContainerItemProxy section */
		6698D1DC18E9E88F002C2858 /* PBXContainerItemProxy */ = {
			isa = PBXContainerItemProxy;
			containerPortal = 6698D1AE18E9E88F002C2858 /* Project object */;
			proxyType = 1;
			remoteGlobalIDString = 6698D1B518E9E88F002C2858;
			remoteInfo = W1D1;
		};
/* End PBXContainerItemProxy section */

/* Begin PBXFileReference section */
		6698D1B618E9E88F002C2858 /* W1D1.app */ = {isa = PBXFileReference; explicitFileType = wrapper.application; includeInIndex = 0; path = W1D1.app; sourceTree = BUILT_PRODUCTS_DIR; };
		6698D1B918E9E88F002C2858 /* Foundation.framework */ = {isa = PBXFileReference; lastKnownFileType = wrapper.framework; name = Foundation.framework; path = System/Library/Frameworks/Foundation.framework; sourceTree = SDKROOT; };
		6698D1BB18E9E88F002C2858 /* CoreGraphics.framework */ = {isa = PBXFileReference; lastKnownFileType = wrapper.framework; name = CoreGraphics.framework; path = System/Library/Frameworks/CoreGraphics.framework; sourceTree = SDKROOT; };
		6698D1BD18E9E88F002C2858 /* UIKit.framework */ = {isa = PBXFileReference; lastKnownFileType = wrapper.framework; name = UIKit.framework; path = System/Library/Frameworks/UIKit.framework; sourceTree = SDKROOT; };
		6698D1C118E9E88F002C2858 /* W1D1-Info.plist */ = {isa = PBXFileReference; lastKnownFileType = text.plist.xml; path = "W1D1-Info.plist"; sourceTree = "<group>"; };
		6698D1C318E9E88F002C2858 /* en */ = {isa = PBXFileReference; lastKnownFileType = text.plist.strings; name = en; path = en.lproj/InfoPlist.strings; sourceTree = "<group>"; };
		6698D1C518E9E88F002C2858 /* main.m */ = {isa = PBXFileReference; lastKnownFileType = sourcecode.c.objc; path = main.m; sourceTree = "<group>"; };
		6698D1C718E9E88F002C2858 /* W1D1-Prefix.pch */ = {isa = PBXFileReference; lastKnownFileType = sourcecode.c.h; path = "W1D1-Prefix.pch"; sourceTree = "<group>"; };
		6698D1C818E9E88F002C2858 /* DWFAppDelegate.h */ = {isa = PBXFileReference; lastKnownFileType = sourcecode.c.h; path = DWFAppDelegate.h; sourceTree = "<group>"; };
		6698D1C918E9E88F002C2858 /* DWFAppDelegate.m */ = {isa = PBXFileReference; lastKnownFileType = sourcecode.c.objc; path = DWFAppDelegate.m; sourceTree = "<group>"; };
		6698D1CC18E9E88F002C2858 /* Base */ = {isa = PBXFileReference; lastKnownFileType = file.storyboard; name = Base; path = Base.lproj/Main.storyboard; sourceTree = "<group>"; };
		6698D1CE18E9E88F002C2858 /* DWFViewController.h */ = {isa = PBXFileReference; lastKnownFileType = sourcecode.c.h; path = DWFViewController.h; sourceTree = "<group>"; };
		6698D1CF18E9E88F002C2858 /* DWFViewController.m */ = {isa = PBXFileReference; lastKnownFileType = sourcecode.c.objc; path = DWFViewController.m; sourceTree = "<group>"; };
		6698D1D118E9E88F002C2858 /* Images.xcassets */ = {isa = PBXFileReference; lastKnownFileType = folder.assetcatalog; path = Images.xcassets; sourceTree = "<group>"; };
		6698D1D718E9E88F002C2858 /* W1D1Tests.xctest */ = {isa = PBXFileReference; explicitFileType = wrapper.cfbundle; includeInIndex = 0; path = W1D1Tests.xctest; sourceTree = BUILT_PRODUCTS_DIR; };
		6698D1D818E9E88F002C2858 /* XCTest.framework */ = {isa = PBXFileReference; lastKnownFileType = wrapper.framework; name = XCTest.framework; path = Library/Frameworks/XCTest.framework; sourceTree = DEVELOPER_DIR; };
		6698D1E018E9E88F002C2858 /* W1D1Tests-Info.plist */ = {isa = PBXFileReference; lastKnownFileType = text.plist.xml; path = "W1D1Tests-Info.plist"; sourceTree = "<group>"; };
		6698D1E218E9E88F002C2858 /* en */ = {isa = PBXFileReference; lastKnownFileType = text.plist.strings; name = en; path = en.lproj/InfoPlist.strings; sourceTree = "<group>"; };
		6698D1E418E9E88F002C2858 /* W1D1Tests.m */ = {isa = PBXFileReference; lastKnownFileType = sourcecode.c.objc; path = W1D1Tests.m; sourceTree = "<group>"; };
/* End PBXFileReference section */

/* Begin PBXFrameworksBuildPhase section */
		6698D1B318E9E88F002C2858 /* Frameworks */ = {
			isa = PBXFrameworksBuildPhase;
			buildActionMask = 2147483647;
			files = (
				6698D1BC18E9E88F002C2858 /* CoreGraphics.framework in Frameworks */,
				6698D1BE18E9E88F002C2858 /* UIKit.framework in Frameworks */,
				6698D1BA18E9E88F002C2858 /* Foundation.framework in Frameworks */,
			);
			runOnlyForDeploymentPostprocessing = 0;
		};
		6698D1D418E9E88F002C2858 /* Frameworks */ = {
			isa = PBXFrameworksBuildPhase;
			buildActionMask = 2147483647;
			files = (
				6698D1D918E9E88F002C2858 /* XCTest.framework in Frameworks */,
				6698D1DB18E9E88F002C2858 /* UIKit.framework in Frameworks */,
				6698D1DA18E9E88F002C2858 /* Foundation.framework in Frameworks */,
			);
			runOnlyForDeploymentPostprocessing = 0;
		};
/* End PBXFrameworksBuildPhase section */

/* Begin PBXGroup section */
		6698D1AD18E9E88F002C2858 = {
			isa = PBXGroup;
			children = (
				6698D1BF18E9E88F002C2858 /* W1D1 */,
				6698D1DE18E9E88F002C2858 /* W1D1Tests */,
				6698D1B818E9E88F002C2858 /* Frameworks */,
				6698D1B718E9E88F002C2858 /* Products */,
			);
			sourceTree = "<group>";
		};
		6698D1B718E9E88F002C2858 /* Products */ = {
			isa = PBXGroup;
			children = (
				6698D1B618E9E88F002C2858 /* W1D1.app */,
				6698D1D718E9E88F002C2858 /* W1D1Tests.xctest */,
			);
			name = Products;
			sourceTree = "<group>";
		};
		6698D1B818E9E88F002C2858 /* Frameworks */ = {
			isa = PBXGroup;
			children = (
				6698D1B918E9E88F002C2858 /* Foundation.framework */,
				6698D1BB18E9E88F002C2858 /* CoreGraphics.framework */,
				6698D1BD18E9E88F002C2858 /* UIKit.framework */,
				6698D1D818E9E88F002C2858 /* XCTest.framework */,
			);
			name = Frameworks;
			sourceTree = "<group>";
		};
		6698D1BF18E9E88F002C2858 /* W1D1 */ = {
			isa = PBXGroup;
			children = (
				6698D1C818E9E88F002C2858 /* DWFAppDelegate.h */,
				6698D1C918E9E88F002C2858 /* DWFAppDelegate.m */,
				6698D1CB18E9E88F002C2858 /* Main.storyboard */,
				6698D1CE18E9E88F002C2858 /* DWFViewController.h */,
				6698D1CF18E9E88F002C2858 /* DWFViewController.m */,
				6698D1D118E9E88F002C2858 /* Images.xcassets */,
				6698D1C018E9E88F002C2858 /* Supporting Files */,
			);
			path = W1D1;
			sourceTree = "<group>";
		};
		6698D1C018E9E88F002C2858 /* Supporting Files */ = {
			isa = PBXGroup;
			children = (
				6698D1C118E9E88F002C2858 /* W1D1-Info.plist */,
				6698D1C218E9E88F002C2858 /* InfoPlist.strings */,
				6698D1C518E9E88F002C2858 /* main.m */,
				6698D1C718E9E88F002C2858 /* W1D1-Prefix.pch */,
			);
			name = "Supporting Files";
			sourceTree = "<group>";
		};
		6698D1DE18E9E88F002C2858 /* W1D1Tests */ = {
			isa = PBXGroup;
			children = (
				6698D1E418E9E88F002C2858 /* W1D1Tests.m */,
				6698D1DF18E9E88F002C2858 /* Supporting Files */,
			);
			path = W1D1Tests;
			sourceTree = "<group>";
		};
		6698D1DF18E9E88F002C2858 /* Supporting Files */ = {
			isa = PBXGroup;
			children = (
				6698D1E018E9E88F002C2858 /* W1D1Tests-Info.plist */,
				6698D1E118E9E88F002C2858 /* InfoPlist.strings */,
			);
			name = "Supporting Files";
			sourceTree = "<group>";
		};
/* End PBXGroup section */

/* Begin PBXNativeTarget section */
		6698D1B518E9E88F002C2858 /* W1D1 */ = {
			isa = PBXNativeTarget;
			buildConfigurationList = 6698D1E818E9E88F002C2858 /* Build configuration list for PBXNativeTarget "W1D1" */;
			buildPhases = (
				6698D1B218E9E88F002C2858 /* Sources */,
				6698D1B318E9E88F002C2858 /* Frameworks */,
				6698D1B418E9E88F002C2858 /* Resources */,
			);
			buildRules = (
			);
			dependencies = (
			);
			name = W1D1;
			productName = W1D1;
			productReference = 6698D1B618E9E88F002C2858 /* W1D1.app */;
			productType = "com.apple.product-type.application";
		};
		6698D1D618E9E88F002C2858 /* W1D1Tests */ = {
			isa = PBXNativeTarget;
			buildConfigurationList = 6698D1EB18E9E88F002C2858 /* Build configuration list for PBXNativeTarget "W1D1Tests" */;
			buildPhases = (
				6698D1D318E9E88F002C2858 /* Sources */,
				6698D1D418E9E88F002C2858 /* Frameworks */,
				6698D1D518E9E88F002C2858 /* Resources */,
			);
			buildRules = (
			);
			dependencies = (
				6698D1DD18E9E88F002C2858 /* PBXTargetDependency */,
			);
			name = W1D1Tests;
			productName = W1D1Tests;
			productReference = 6698D1D718E9E88F002C2858 /* W1D1Tests.xctest */;
			productType = "com.apple.product-type.bundle.unit-test";
		};
/* End PBXNativeTarget section */

/* Begin PBXProject section */
		6698D1AE18E9E88F002C2858 /* Project object */ = {
			isa = PBXProject;
			attributes = {
				CLASSPREFIX = DWF;
				LastUpgradeCheck = 0510;
				ORGANIZATIONNAME = "Derek Weber";
				TargetAttributes = {
					6698D1D618E9E88F002C2858 = {
						TestTargetID = 6698D1B518E9E88F002C2858;
					};
				};
			};
			buildConfigurationList = 6698D1B118E9E88F002C2858 /* Build configuration list for PBXProject "W1D1" */;
			compatibilityVersion = "Xcode 3.2";
			developmentRegion = English;
			hasScannedForEncodings = 0;
			knownRegions = (
				en,
				Base,
			);
			mainGroup = 6698D1AD18E9E88F002C2858;
			productRefGroup = 6698D1B718E9E88F002C2858 /* Products */;
			projectDirPath = "";
			projectRoot = "";
			targets = (
				6698D1B518E9E88F002C2858 /* W1D1 */,
				6698D1D618E9E88F002C2858 /* W1D1Tests */,
			);
		};
/* End PBXProject section */

/* Begin PBXResourcesBuildPhase section */
		6698D1B418E9E88F002C2858 /* Resources */ = {
			isa = PBXResourcesBuildPhase;
			buildActionMask = 2147483647;
			files = (
				6698D1D218E9E88F002C2858 /* Images.xcassets in Resources */,
				6698D1C418E9E88F002C2858 /* InfoPlist.strings in Resources */,
				6698D1CD18E9E88F002C2858 /* Main.storyboard in Resources */,
			);
			runOnlyForDeploymentPostprocessing = 0;
		};
		6698D1D518E9E88F002C2858 /* Resources */ = {
			isa = PBXResourcesBuildPhase;
			buildActionMask = 2147483647;
			files = (
				6698D1E318E9E88F002C2858 /* InfoPlist.strings in Resources */,
			);
			runOnlyForDeploymentPostprocessing = 0;
		};
/* End PBXResourcesBuildPhase section */

/* Begin PBXSourcesBuildPhase section */
		6698D1B218E9E88F002C2858 /* Sources */ = {
			isa = PBXSourcesBuildPhase;
			buildActionMask = 2147483647;
			files = (
				6698D1D018E9E88F002C2858 /* DWFViewController.m in Sources */,
				6698D1CA18E9E88F002C2858 /* DWFAppDelegate.m in Sources */,
				6698D1C618E9E88F002C2858 /* main.m in Sources */,
			);
			runOnlyForDeploymentPostprocessing = 0;
		};
		6698D1D318E9E88F002C2858 /* Sources */ = {
			isa = PBXSourcesBuildPhase;
			buildActionMask = 2147483647;
			files = (
				6698D1E518E9E88F002C2858 /* W1D1Tests.m in Sources */,
			);
			runOnlyForDeploymentPostprocessing = 0;
		};
/* End PBXSourcesBuildPhase section */

/* Begin PBXTargetDependency section */
		6698D1DD18E9E88F002C2858 /* PBXTargetDependency */ = {
			isa = PBXTargetDependency;
			target = 6698D1B518E9E88F002C2858 /* W1D1 */;
			targetProxy = 6698D1DC18E9E88F002C2858 /* PBXContainerItemProxy */;
		};
/* End PBXTargetDependency section */

/* Begin PBXVariantGroup section */
		6698D1C218E9E88F002C2858 /* InfoPlist.strings */ = {
			isa = PBXVariantGroup;
			children = (
				6698D1C318E9E88F002C2858 /* en */,
			);
			name = InfoPlist.strings;
			sourceTree = "<group>";
		};
		6698D1CB18E9E88F002C2858 /* Main.storyboard */ = {
			isa = PBXVariantGroup;
			children = (
				6698D1CC18E9E88F002C2858 /* Base */,
			);
			name = Main.storyboard;
			sourceTree = "<group>";
		};
		6698D1E118E9E88F002C2858 /* InfoPlist.strings */ = {
			isa = PBXVariantGroup;
			children = (
				6698D1E218E9E88F002C2858 /* en */,
			);
			name = InfoPlist.strings;
			sourceTree = "<group>";
		};
/* End PBXVariantGroup section */

/* Begin XCBuildConfiguration section */
		6698D1E618E9E88F002C2858 /* Debug */ = {
			isa = XCBuildConfiguration;
			buildSettings = {
				ALWAYS_SEARCH_USER_PATHS = NO;
				CLANG_CXX_LANGUAGE_STANDARD = "gnu++0x";
				CLANG_CXX_LIBRARY = "libc++";
				CLANG_ENABLE_MODULES = YES;
				CLANG_ENABLE_OBJC_ARC = YES;
				CLANG_WARN_BOOL_CONVERSION = YES;
				CLANG_WARN_CONSTANT_CONVERSION = YES;
				CLANG_WARN_DIRECT_OBJC_ISA_USAGE = YES_ERROR;
				CLANG_WARN_EMPTY_BODY = YES;
				CLANG_WARN_ENUM_CONVERSION = YES;
				CLANG_WARN_INT_CONVERSION = YES;
				CLANG_WARN_OBJC_ROOT_CLASS = YES_ERROR;
				CLANG_WARN__DUPLICATE_METHOD_MATCH = YES;
				"CODE_SIGN_IDENTITY[sdk=iphoneos*]" = "iPhone Developer";
				COPY_PHASE_STRIP = NO;
				GCC_C_LANGUAGE_STANDARD = gnu99;
				GCC_DYNAMIC_NO_PIC = NO;
				GCC_OPTIMIZATION_LEVEL = 0;
				GCC_PREPROCESSOR_DEFINITIONS = (
					"DEBUG=1",
					"$(inherited)",
				);
				GCC_SYMBOLS_PRIVATE_EXTERN = NO;
				GCC_WARN_64_TO_32_BIT_CONVERSION = YES;
				GCC_WARN_ABOUT_RETURN_TYPE = YES_ERROR;
				GCC_WARN_UNDECLARED_SELECTOR = YES;
				GCC_WARN_UNINITIALIZED_AUTOS = YES_AGGRESSIVE;
				GCC_WARN_UNUSED_FUNCTION = YES;
				GCC_WARN_UNUSED_VARIABLE = YES;
				IPHONEOS_DEPLOYMENT_TARGET = 7.1;
				ONLY_ACTIVE_ARCH = YES;
				SDKROOT = iphoneos;
			};
			name = Debug;
		};
		6698D1E718E9E88F002C2858 /* Release */ = {
			isa = XCBuildConfiguration;
			buildSettings = {
				ALWAYS_SEARCH_USER_PATHS = NO;
				CLANG_CXX_LANGUAGE_STANDARD = "gnu++0x";
				CLANG_CXX_LIBRARY = "libc++";
				CLANG_ENABLE_MODULES = YES;
				CLANG_ENABLE_OBJC_ARC = YES;
				CLANG_WARN_BOOL_CONVERSION = YES;
				CLANG_WARN_CONSTANT_CONVERSION = YES;
				CLANG_WARN_DIRECT_OBJC_ISA_USAGE = YES_ERROR;
				CLANG_WARN_EMPTY_BODY = YES;
				CLANG_WARN_ENUM_CONVERSION = YES;
				CLANG_WARN_INT_CONVERSION = YES;
				CLANG_WARN_OBJC_ROOT_CLASS = YES_ERROR;
				CLANG_WARN__DUPLICATE_METHOD_MATCH = YES;
				"CODE_SIGN_IDENTITY[sdk=iphoneos*]" = "iPhone Developer";
				COPY_PHASE_STRIP = YES;
				ENABLE_NS_ASSERTIONS = NO;
				GCC_C_LANGUAGE_STANDARD = gnu99;
				GCC_WARN_64_TO_32_BIT_CONVERSION = YES;
				GCC_WARN_ABOUT_RETURN_TYPE = YES_ERROR;
				GCC_WARN_UNDECLARED_SELECTOR = YES;
				GCC_WARN_UNINITIALIZED_AUTOS = YES_AGGRESSIVE;
				GCC_WARN_UNUSED_FUNCTION = YES;
				GCC_WARN_UNUSED_VARIABLE = YES;
				IPHONEOS_DEPLOYMENT_TARGET = 7.1;
				SDKROOT = iphoneos;
				VALIDATE_PRODUCT = YES;
			};
			name = Release;
		};
		6698D1E918E9E88F002C2858 /* Debug */ = {
			isa = XCBuildConfiguration;
			buildSettings = {
				ASSETCATALOG_COMPILER_APPICON_NAME = AppIcon;
				ASSETCATALOG_COMPILER_LAUNCHIMAGE_NAME = LaunchImage;
				GCC_PRECOMPILE_PREFIX_HEADER = YES;
				GCC_PREFIX_HEADER = "W1D1/W1D1-Prefix.pch";
				INFOPLIST_FILE = "W1D1/W1D1-Info.plist";
				IPHONEOS_DEPLOYMENT_TARGET = 7.0;
				PRODUCT_NAME = "$(TARGET_NAME)";
				TARGETED_DEVICE_FAMILY = 1;
				WRAPPER_EXTENSION = app;
			};
			name = Debug;
		};
		6698D1EA18E9E88F002C2858 /* Release */ = {
			isa = XCBuildConfiguration;
			buildSettings = {
				ASSETCATALOG_COMPILER_APPICON_NAME = AppIcon;
				ASSETCATALOG_COMPILER_LAUNCHIMAGE_NAME = LaunchImage;
				GCC_PRECOMPILE_PREFIX_HEADER = YES;
				GCC_PREFIX_HEADER = "W1D1/W1D1-Prefix.pch";
				INFOPLIST_FILE = "W1D1/W1D1-Info.plist";
				IPHONEOS_DEPLOYMENT_TARGET = 7.0;
				PRODUCT_NAME = "$(TARGET_NAME)";
				TARGETED_DEVICE_FAMILY = 1;
				WRAPPER_EXTENSION = app;
			};
			name = Release;
		};
		6698D1EC18E9E88F002C2858 /* Debug */ = {
			isa = XCBuildConfiguration;
			buildSettings = {
				BUNDLE_LOADER = "$(BUILT_PRODUCTS_DIR)/W1D1.app/W1D1";
				FRAMEWORK_SEARCH_PATHS = (
					"$(SDKROOT)/Developer/Library/Frameworks",
					"$(inherited)",
					"$(DEVELOPER_FRAMEWORKS_DIR)",
				);
				GCC_PRECOMPILE_PREFIX_HEADER = YES;
				GCC_PREFIX_HEADER = "W1D1/W1D1-Prefix.pch";
				GCC_PREPROCESSOR_DEFINITIONS = (
					"DEBUG=1",
					"$(inherited)",
				);
				INFOPLIST_FILE = "W1D1Tests/W1D1Tests-Info.plist";
				PRODUCT_NAME = "$(TARGET_NAME)";
				TEST_HOST = "$(BUNDLE_LOADER)";
				WRAPPER_EXTENSION = xctest;
			};
			name = Debug;
		};
		6698D1ED18E9E88F002C2858 /* Release */ = {
			isa = XCBuildConfiguration;
			buildSettings = {
				BUNDLE_LOADER = "$(BUILT_PRODUCTS_DIR)/W1D1.app/W1D1";
				FRAMEWORK_SEARCH_PATHS = (
					"$(SDKROOT)/Developer/Library/Frameworks",
					"$(inherited)",
					"$(DEVELOPER_FRAMEWORKS_DIR)",
				);
				GCC_PRECOMPILE_PREFIX_HEADER = YES;
				GCC_PREFIX_HEADER = "W1D1/W1D1-Prefix.pch";
				INFOPLIST_FILE = "W1D1Tests/W1D1Tests-Info.plist";
				PRODUCT_NAME = "$(TARGET_NAME)";
				TEST_HOST = "$(BUNDLE_LOADER)";
				WRAPPER_EXTENSION = xctest;
			};
			name = Release;
		};
/* End XCBuildConfiguration section */

/* Begin XCConfigurationList section */
		6698D1B118E9E88F002C2858 /* Build configuration list for PBXProject "W1D1" */ = {
			isa = XCConfigurationList;
			buildConfigurations = (
				6698D1E618E9E88F002C2858 /* Debug */,
				6698D1E718E9E88F002C2858 /* Release */,
			);
			defaultConfigurationIsVisible = 0;
			defaultConfigurationName = Release;
		};
		6698D1E818E9E88F002C2858 /* Build configuration list for PBXNativeTarget "W1D1" */ = {
			isa = XCConfigurationList;
			buildConfigurations = (
				6698D1E918E9E88F002C2858 /* Debug */,
				6698D1EA18E9E88F002C2858 /* Release */,
			);
			defaultConfigurationIsVisible = 0;
		};
		6698D1EB18E9E88F002C2858 /* Build configuration list for PBXNativeTarget "W1D1Tests" */ = {
			isa = XCConfigurationList;
			buildConfigurations = (
				6698D1EC18E9E88F002C2858 /* Debug */,
				6698D1ED18E9E88F002C2858 /* Release */,
			);
			defaultConfigurationIsVisible = 0;
		};
/* End XCConfigurationList section */
	};
	rootObject = 6698D1AE18E9E88F002C2858 /* Project object */;
}
