// !$*UTF8*$!
{
	archiveVersion = 1;
	classes = {
	};
	objectVersion = 46;
	objects = {

/* Begin PBXBuildFile section */
		660033C518F9D0FF00B90787 /* Foundation.framework in Frameworks */ = {isa = PBXBuildFile; fileRef = 660033C418F9D0FF00B90787 /* Foundation.framework */; };
		660033C718F9D0FF00B90787 /* CoreGraphics.framework in Frameworks */ = {isa = PBXBuildFile; fileRef = 660033C618F9D0FF00B90787 /* CoreGraphics.framework */; };
		660033C918F9D0FF00B90787 /* UIKit.framework in Frameworks */ = {isa = PBXBuildFile; fileRef = 660033C818F9D0FF00B90787 /* UIKit.framework */; };
		660033CF18F9D0FF00B90787 /* InfoPlist.strings in Resources */ = {isa = PBXBuildFile; fileRef = 660033CD18F9D0FF00B90787 /* InfoPlist.strings */; };
		660033D118F9D0FF00B90787 /* main.m in Sources */ = {isa = PBXBuildFile; fileRef = 660033D018F9D0FF00B90787 /* main.m */; };
		660033D518F9D0FF00B90787 /* TWPAppDelegate.m in Sources */ = {isa = PBXBuildFile; fileRef = 660033D418F9D0FF00B90787 /* TWPAppDelegate.m */; };
		660033D718F9D0FF00B90787 /* Images.xcassets in Resources */ = {isa = PBXBuildFile; fileRef = 660033D618F9D0FF00B90787 /* Images.xcassets */; };
		660033DE18F9D0FF00B90787 /* XCTest.framework in Frameworks */ = {isa = PBXBuildFile; fileRef = 660033DD18F9D0FF00B90787 /* XCTest.framework */; };
		660033DF18F9D0FF00B90787 /* Foundation.framework in Frameworks */ = {isa = PBXBuildFile; fileRef = 660033C418F9D0FF00B90787 /* Foundation.framework */; };
		660033E018F9D0FF00B90787 /* UIKit.framework in Frameworks */ = {isa = PBXBuildFile; fileRef = 660033C818F9D0FF00B90787 /* UIKit.framework */; };
		660033E818F9D0FF00B90787 /* InfoPlist.strings in Resources */ = {isa = PBXBuildFile; fileRef = 660033E618F9D0FF00B90787 /* InfoPlist.strings */; };
		660033EA18F9D0FF00B90787 /* twitterTests.m in Sources */ = {isa = PBXBuildFile; fileRef = 660033E918F9D0FF00B90787 /* twitterTests.m */; };
		660E450318FAFB9D007A26BB /* TWPRootViewController.m in Sources */ = {isa = PBXBuildFile; fileRef = 660E450218FAFB9D007A26BB /* TWPRootViewController.m */; };
/* End PBXBuildFile section */

/* Begin PBXContainerItemProxy section */
		660033E118F9D0FF00B90787 /* PBXContainerItemProxy */ = {
			isa = PBXContainerItemProxy;
			containerPortal = 660033B918F9D0FF00B90787 /* Project object */;
			proxyType = 1;
			remoteGlobalIDString = 660033C018F9D0FF00B90787;
			remoteInfo = twitter;
		};
/* End PBXContainerItemProxy section */

/* Begin PBXFileReference section */
		660033C118F9D0FF00B90787 /* twitter.app */ = {isa = PBXFileReference; explicitFileType = wrapper.application; includeInIndex = 0; path = twitter.app; sourceTree = BUILT_PRODUCTS_DIR; };
		660033C418F9D0FF00B90787 /* Foundation.framework */ = {isa = PBXFileReference; lastKnownFileType = wrapper.framework; name = Foundation.framework; path = System/Library/Frameworks/Foundation.framework; sourceTree = SDKROOT; };
		660033C618F9D0FF00B90787 /* CoreGraphics.framework */ = {isa = PBXFileReference; lastKnownFileType = wrapper.framework; name = CoreGraphics.framework; path = System/Library/Frameworks/CoreGraphics.framework; sourceTree = SDKROOT; };
		660033C818F9D0FF00B90787 /* UIKit.framework */ = {isa = PBXFileReference; lastKnownFileType = wrapper.framework; name = UIKit.framework; path = System/Library/Frameworks/UIKit.framework; sourceTree = SDKROOT; };
		660033CC18F9D0FF00B90787 /* twitter-Info.plist */ = {isa = PBXFileReference; lastKnownFileType = text.plist.xml; path = "twitter-Info.plist"; sourceTree = "<group>"; };
		660033CE18F9D0FF00B90787 /* en */ = {isa = PBXFileReference; lastKnownFileType = text.plist.strings; name = en; path = en.lproj/InfoPlist.strings; sourceTree = "<group>"; };
		660033D018F9D0FF00B90787 /* main.m */ = {isa = PBXFileReference; lastKnownFileType = sourcecode.c.objc; path = main.m; sourceTree = "<group>"; };
		660033D218F9D0FF00B90787 /* twitter-Prefix.pch */ = {isa = PBXFileReference; lastKnownFileType = sourcecode.c.h; path = "twitter-Prefix.pch"; sourceTree = "<group>"; };
		660033D318F9D0FF00B90787 /* TWPAppDelegate.h */ = {isa = PBXFileReference; lastKnownFileType = sourcecode.c.h; path = TWPAppDelegate.h; sourceTree = "<group>"; };
		660033D418F9D0FF00B90787 /* TWPAppDelegate.m */ = {isa = PBXFileReference; lastKnownFileType = sourcecode.c.objc; path = TWPAppDelegate.m; sourceTree = "<group>"; };
		660033D618F9D0FF00B90787 /* Images.xcassets */ = {isa = PBXFileReference; lastKnownFileType = folder.assetcatalog; path = Images.xcassets; sourceTree = "<group>"; };
		660033DC18F9D0FF00B90787 /* twitterTests.xctest */ = {isa = PBXFileReference; explicitFileType = wrapper.cfbundle; includeInIndex = 0; path = twitterTests.xctest; sourceTree = BUILT_PRODUCTS_DIR; };
		660033DD18F9D0FF00B90787 /* XCTest.framework */ = {isa = PBXFileReference; lastKnownFileType = wrapper.framework; name = XCTest.framework; path = Library/Frameworks/XCTest.framework; sourceTree = DEVELOPER_DIR; };
		660033E518F9D0FF00B90787 /* twitterTests-Info.plist */ = {isa = PBXFileReference; lastKnownFileType = text.plist.xml; path = "twitterTests-Info.plist"; sourceTree = "<group>"; };
		660033E718F9D0FF00B90787 /* en */ = {isa = PBXFileReference; lastKnownFileType = text.plist.strings; name = en; path = en.lproj/InfoPlist.strings; sourceTree = "<group>"; };
		660033E918F9D0FF00B90787 /* twitterTests.m */ = {isa = PBXFileReference; lastKnownFileType = sourcecode.c.objc; path = twitterTests.m; sourceTree = "<group>"; };
		660E450118FAFB9D007A26BB /* TWPRootViewController.h */ = {isa = PBXFileReference; fileEncoding = 4; lastKnownFileType = sourcecode.c.h; path = TWPRootViewController.h; sourceTree = "<group>"; };
		660E450218FAFB9D007A26BB /* TWPRootViewController.m */ = {isa = PBXFileReference; fileEncoding = 4; lastKnownFileType = sourcecode.c.objc; path = TWPRootViewController.m; sourceTree = "<group>"; };
/* End PBXFileReference section */

/* Begin PBXFrameworksBuildPhase section */
		660033BE18F9D0FF00B90787 /* Frameworks */ = {
			isa = PBXFrameworksBuildPhase;
			buildActionMask = 2147483647;
			files = (
				660033C718F9D0FF00B90787 /* CoreGraphics.framework in Frameworks */,
				660033C918F9D0FF00B90787 /* UIKit.framework in Frameworks */,
				660033C518F9D0FF00B90787 /* Foundation.framework in Frameworks */,
			);
			runOnlyForDeploymentPostprocessing = 0;
		};
		660033D918F9D0FF00B90787 /* Frameworks */ = {
			isa = PBXFrameworksBuildPhase;
			buildActionMask = 2147483647;
			files = (
				660033DE18F9D0FF00B90787 /* XCTest.framework in Frameworks */,
				660033E018F9D0FF00B90787 /* UIKit.framework in Frameworks */,
				660033DF18F9D0FF00B90787 /* Foundation.framework in Frameworks */,
			);
			runOnlyForDeploymentPostprocessing = 0;
		};
/* End PBXFrameworksBuildPhase section */

/* Begin PBXGroup section */
		660033B818F9D0FF00B90787 = {
			isa = PBXGroup;
			children = (
				660E44FD18FAF5CC007A26BB /* Controllers */,
				660033CA18F9D0FF00B90787 /* twitter */,
				660033E318F9D0FF00B90787 /* twitterTests */,
				660033C318F9D0FF00B90787 /* Frameworks */,
				660033C218F9D0FF00B90787 /* Products */,
			);
			sourceTree = "<group>";
		};
		660033C218F9D0FF00B90787 /* Products */ = {
			isa = PBXGroup;
			children = (
				660033C118F9D0FF00B90787 /* twitter.app */,
				660033DC18F9D0FF00B90787 /* twitterTests.xctest */,
			);
			name = Products;
			sourceTree = "<group>";
		};
		660033C318F9D0FF00B90787 /* Frameworks */ = {
			isa = PBXGroup;
			children = (
				660033C418F9D0FF00B90787 /* Foundation.framework */,
				660033C618F9D0FF00B90787 /* CoreGraphics.framework */,
				660033C818F9D0FF00B90787 /* UIKit.framework */,
				660033DD18F9D0FF00B90787 /* XCTest.framework */,
			);
			name = Frameworks;
			sourceTree = "<group>";
		};
		660033CA18F9D0FF00B90787 /* twitter */ = {
			isa = PBXGroup;
			children = (
				660033D318F9D0FF00B90787 /* TWPAppDelegate.h */,
				660033D418F9D0FF00B90787 /* TWPAppDelegate.m */,
				660033D618F9D0FF00B90787 /* Images.xcassets */,
				660033CB18F9D0FF00B90787 /* Supporting Files */,
			);
			path = twitter;
			sourceTree = "<group>";
		};
		660033CB18F9D0FF00B90787 /* Supporting Files */ = {
			isa = PBXGroup;
			children = (
				660033CC18F9D0FF00B90787 /* twitter-Info.plist */,
				660033CD18F9D0FF00B90787 /* InfoPlist.strings */,
				660033D018F9D0FF00B90787 /* main.m */,
				660033D218F9D0FF00B90787 /* twitter-Prefix.pch */,
			);
			name = "Supporting Files";
			sourceTree = "<group>";
		};
		660033E318F9D0FF00B90787 /* twitterTests */ = {
			isa = PBXGroup;
			children = (
				660033E918F9D0FF00B90787 /* twitterTests.m */,
				660033E418F9D0FF00B90787 /* Supporting Files */,
			);
			path = twitterTests;
			sourceTree = "<group>";
		};
		660033E418F9D0FF00B90787 /* Supporting Files */ = {
			isa = PBXGroup;
			children = (
				660033E518F9D0FF00B90787 /* twitterTests-Info.plist */,
				660033E618F9D0FF00B90787 /* InfoPlist.strings */,
			);
			name = "Supporting Files";
			sourceTree = "<group>";
		};
		660E44FD18FAF5CC007A26BB /* Controllers */ = {
			isa = PBXGroup;
			children = (
				660E450118FAFB9D007A26BB /* TWPRootViewController.h */,
				660E450218FAFB9D007A26BB /* TWPRootViewController.m */,
			);
			name = Controllers;
			sourceTree = "<group>";
		};
/* End PBXGroup section */

/* Begin PBXNativeTarget section */
		660033C018F9D0FF00B90787 /* twitter */ = {
			isa = PBXNativeTarget;
			buildConfigurationList = 660033ED18F9D0FF00B90787 /* Build configuration list for PBXNativeTarget "twitter" */;
			buildPhases = (
				660033BD18F9D0FF00B90787 /* Sources */,
				660033BE18F9D0FF00B90787 /* Frameworks */,
				660033BF18F9D0FF00B90787 /* Resources */,
			);
			buildRules = (
			);
			dependencies = (
			);
			name = twitter;
			productName = twitter;
			productReference = 660033C118F9D0FF00B90787 /* twitter.app */;
			productType = "com.apple.product-type.application";
		};
		660033DB18F9D0FF00B90787 /* twitterTests */ = {
			isa = PBXNativeTarget;
			buildConfigurationList = 660033F018F9D0FF00B90787 /* Build configuration list for PBXNativeTarget "twitterTests" */;
			buildPhases = (
				660033D818F9D0FF00B90787 /* Sources */,
				660033D918F9D0FF00B90787 /* Frameworks */,
				660033DA18F9D0FF00B90787 /* Resources */,
			);
			buildRules = (
			);
			dependencies = (
				660033E218F9D0FF00B90787 /* PBXTargetDependency */,
			);
			name = twitterTests;
			productName = twitterTests;
			productReference = 660033DC18F9D0FF00B90787 /* twitterTests.xctest */;
			productType = "com.apple.product-type.bundle.unit-test";
		};
/* End PBXNativeTarget section */

/* Begin PBXProject section */
		660033B918F9D0FF00B90787 /* Project object */ = {
			isa = PBXProject;
			attributes = {
				CLASSPREFIX = TWP;
				LastUpgradeCheck = 0510;
				ORGANIZATIONNAME = "Derek Weber";
				TargetAttributes = {
					660033DB18F9D0FF00B90787 = {
						TestTargetID = 660033C018F9D0FF00B90787;
					};
				};
			};
			buildConfigurationList = 660033BC18F9D0FF00B90787 /* Build configuration list for PBXProject "twitter" */;
			compatibilityVersion = "Xcode 3.2";
			developmentRegion = English;
			hasScannedForEncodings = 0;
			knownRegions = (
				en,
			);
			mainGroup = 660033B818F9D0FF00B90787;
			productRefGroup = 660033C218F9D0FF00B90787 /* Products */;
			projectDirPath = "";
			projectRoot = "";
			targets = (
				660033C018F9D0FF00B90787 /* twitter */,
				660033DB18F9D0FF00B90787 /* twitterTests */,
			);
		};
/* End PBXProject section */

/* Begin PBXResourcesBuildPhase section */
		660033BF18F9D0FF00B90787 /* Resources */ = {
			isa = PBXResourcesBuildPhase;
			buildActionMask = 2147483647;
			files = (
				660033CF18F9D0FF00B90787 /* InfoPlist.strings in Resources */,
				660033D718F9D0FF00B90787 /* Images.xcassets in Resources */,
			);
			runOnlyForDeploymentPostprocessing = 0;
		};
		660033DA18F9D0FF00B90787 /* Resources */ = {
			isa = PBXResourcesBuildPhase;
			buildActionMask = 2147483647;
			files = (
				660033E818F9D0FF00B90787 /* InfoPlist.strings in Resources */,
			);
			runOnlyForDeploymentPostprocessing = 0;
		};
/* End PBXResourcesBuildPhase section */

/* Begin PBXSourcesBuildPhase section */
		660033BD18F9D0FF00B90787 /* Sources */ = {
			isa = PBXSourcesBuildPhase;
			buildActionMask = 2147483647;
			files = (
				660E450318FAFB9D007A26BB /* TWPRootViewController.m in Sources */,
				660033D518F9D0FF00B90787 /* TWPAppDelegate.m in Sources */,
				660033D118F9D0FF00B90787 /* main.m in Sources */,
			);
			runOnlyForDeploymentPostprocessing = 0;
		};
		660033D818F9D0FF00B90787 /* Sources */ = {
			isa = PBXSourcesBuildPhase;
			buildActionMask = 2147483647;
			files = (
				660033EA18F9D0FF00B90787 /* twitterTests.m in Sources */,
			);
			runOnlyForDeploymentPostprocessing = 0;
		};
/* End PBXSourcesBuildPhase section */

/* Begin PBXTargetDependency section */
		660033E218F9D0FF00B90787 /* PBXTargetDependency */ = {
			isa = PBXTargetDependency;
			target = 660033C018F9D0FF00B90787 /* twitter */;
			targetProxy = 660033E118F9D0FF00B90787 /* PBXContainerItemProxy */;
		};
/* End PBXTargetDependency section */

/* Begin PBXVariantGroup section */
		660033CD18F9D0FF00B90787 /* InfoPlist.strings */ = {
			isa = PBXVariantGroup;
			children = (
				660033CE18F9D0FF00B90787 /* en */,
			);
			name = InfoPlist.strings;
			sourceTree = "<group>";
		};
		660033E618F9D0FF00B90787 /* InfoPlist.strings */ = {
			isa = PBXVariantGroup;
			children = (
				660033E718F9D0FF00B90787 /* en */,
			);
			name = InfoPlist.strings;
			sourceTree = "<group>";
		};
/* End PBXVariantGroup section */

/* Begin XCBuildConfiguration section */
		660033EB18F9D0FF00B90787 /* Debug */ = {
			isa = XCBuildConfiguration;
			buildSettings = {
				ALWAYS_SEARCH_USER_PATHS = NO;
				CLANG_CXX_LANGUAGE_STANDARD = "gnu++0x";
				CLANG_CXX_LIBRARY = "libc++";
				CLANG_ENABLE_MODULES = YES;
				CLANG_ENABLE_OBJC_ARC = YES;
				CLANG_WARN_BOOL_CONVERSION = YES;
				CLANG_WARN_CONSTANT_CONVERSION = YES;
				CLANG_WARN_DIRECT_OBJC_ISA_USAGE = YES_ERROR;
				CLANG_WARN_EMPTY_BODY = YES;
				CLANG_WARN_ENUM_CONVERSION = YES;
				CLANG_WARN_INT_CONVERSION = YES;
				CLANG_WARN_OBJC_ROOT_CLASS = YES_ERROR;
				CLANG_WARN__DUPLICATE_METHOD_MATCH = YES;
				"CODE_SIGN_IDENTITY[sdk=iphoneos*]" = "iPhone Developer";
				COPY_PHASE_STRIP = NO;
				GCC_C_LANGUAGE_STANDARD = gnu99;
				GCC_DYNAMIC_NO_PIC = NO;
				GCC_OPTIMIZATION_LEVEL = 0;
				GCC_PREPROCESSOR_DEFINITIONS = (
					"DEBUG=1",
					"$(inherited)",
				);
				GCC_SYMBOLS_PRIVATE_EXTERN = NO;
				GCC_WARN_64_TO_32_BIT_CONVERSION = YES;
				GCC_WARN_ABOUT_RETURN_TYPE = YES_ERROR;
				GCC_WARN_UNDECLARED_SELECTOR = YES;
				GCC_WARN_UNINITIALIZED_AUTOS = YES_AGGRESSIVE;
				GCC_WARN_UNUSED_FUNCTION = YES;
				GCC_WARN_UNUSED_VARIABLE = YES;
				IPHONEOS_DEPLOYMENT_TARGET = 7.1;
				ONLY_ACTIVE_ARCH = YES;
				SDKROOT = iphoneos;
				TARGETED_DEVICE_FAMILY = "1,2";
			};
			name = Debug;
		};
		660033EC18F9D0FF00B90787 /* Release */ = {
			isa = XCBuildConfiguration;
			buildSettings = {
				ALWAYS_SEARCH_USER_PATHS = NO;
				CLANG_CXX_LANGUAGE_STANDARD = "gnu++0x";
				CLANG_CXX_LIBRARY = "libc++";
				CLANG_ENABLE_MODULES = YES;
				CLANG_ENABLE_OBJC_ARC = YES;
				CLANG_WARN_BOOL_CONVERSION = YES;
				CLANG_WARN_CONSTANT_CONVERSION = YES;
				CLANG_WARN_DIRECT_OBJC_ISA_USAGE = YES_ERROR;
				CLANG_WARN_EMPTY_BODY = YES;
				CLANG_WARN_ENUM_CONVERSION = YES;
				CLANG_WARN_INT_CONVERSION = YES;
				CLANG_WARN_OBJC_ROOT_CLASS = YES_ERROR;
				CLANG_WARN__DUPLICATE_METHOD_MATCH = YES;
				"CODE_SIGN_IDENTITY[sdk=iphoneos*]" = "iPhone Developer";
				COPY_PHASE_STRIP = YES;
				ENABLE_NS_ASSERTIONS = NO;
				GCC_C_LANGUAGE_STANDARD = gnu99;
				GCC_WARN_64_TO_32_BIT_CONVERSION = YES;
				GCC_WARN_ABOUT_RETURN_TYPE = YES_ERROR;
				GCC_WARN_UNDECLARED_SELECTOR = YES;
				GCC_WARN_UNINITIALIZED_AUTOS = YES_AGGRESSIVE;
				GCC_WARN_UNUSED_FUNCTION = YES;
				GCC_WARN_UNUSED_VARIABLE = YES;
				IPHONEOS_DEPLOYMENT_TARGET = 7.1;
				SDKROOT = iphoneos;
				TARGETED_DEVICE_FAMILY = "1,2";
				VALIDATE_PRODUCT = YES;
			};
			name = Release;
		};
		660033EE18F9D0FF00B90787 /* Debug */ = {
			isa = XCBuildConfiguration;
			buildSettings = {
				ASSETCATALOG_COMPILER_APPICON_NAME = AppIcon;
				ASSETCATALOG_COMPILER_LAUNCHIMAGE_NAME = LaunchImage;
				GCC_PRECOMPILE_PREFIX_HEADER = YES;
				GCC_PREFIX_HEADER = "twitter/twitter-Prefix.pch";
				INFOPLIST_FILE = "twitter/twitter-Info.plist";
				PRODUCT_NAME = "$(TARGET_NAME)";
				TARGETED_DEVICE_FAMILY = 1;
				WRAPPER_EXTENSION = app;
			};
			name = Debug;
		};
		660033EF18F9D0FF00B90787 /* Release */ = {
			isa = XCBuildConfiguration;
			buildSettings = {
				ASSETCATALOG_COMPILER_APPICON_NAME = AppIcon;
				ASSETCATALOG_COMPILER_LAUNCHIMAGE_NAME = LaunchImage;
				GCC_PRECOMPILE_PREFIX_HEADER = YES;
				GCC_PREFIX_HEADER = "twitter/twitter-Prefix.pch";
				INFOPLIST_FILE = "twitter/twitter-Info.plist";
				PRODUCT_NAME = "$(TARGET_NAME)";
				TARGETED_DEVICE_FAMILY = 1;
				WRAPPER_EXTENSION = app;
			};
			name = Release;
		};
		660033F118F9D0FF00B90787 /* Debug */ = {
			isa = XCBuildConfiguration;
			buildSettings = {
				BUNDLE_LOADER = "$(BUILT_PRODUCTS_DIR)/twitter.app/twitter";
				FRAMEWORK_SEARCH_PATHS = (
					"$(SDKROOT)/Developer/Library/Frameworks",
					"$(inherited)",
					"$(DEVELOPER_FRAMEWORKS_DIR)",
				);
				GCC_PRECOMPILE_PREFIX_HEADER = YES;
				GCC_PREFIX_HEADER = "twitter/twitter-Prefix.pch";
				GCC_PREPROCESSOR_DEFINITIONS = (
					"DEBUG=1",
					"$(inherited)",
				);
				INFOPLIST_FILE = "twitterTests/twitterTests-Info.plist";
				PRODUCT_NAME = "$(TARGET_NAME)";
				TEST_HOST = "$(BUNDLE_LOADER)";
				WRAPPER_EXTENSION = xctest;
			};
			name = Debug;
		};
		660033F218F9D0FF00B90787 /* Release */ = {
			isa = XCBuildConfiguration;
			buildSettings = {
				BUNDLE_LOADER = "$(BUILT_PRODUCTS_DIR)/twitter.app/twitter";
				FRAMEWORK_SEARCH_PATHS = (
					"$(SDKROOT)/Developer/Library/Frameworks",
					"$(inherited)",
					"$(DEVELOPER_FRAMEWORKS_DIR)",
				);
				GCC_PRECOMPILE_PREFIX_HEADER = YES;
				GCC_PREFIX_HEADER = "twitter/twitter-Prefix.pch";
				INFOPLIST_FILE = "twitterTests/twitterTests-Info.plist";
				PRODUCT_NAME = "$(TARGET_NAME)";
				TEST_HOST = "$(BUNDLE_LOADER)";
				WRAPPER_EXTENSION = xctest;
			};
			name = Release;
		};
/* End XCBuildConfiguration section */

/* Begin XCConfigurationList section */
		660033BC18F9D0FF00B90787 /* Build configuration list for PBXProject "twitter" */ = {
			isa = XCConfigurationList;
			buildConfigurations = (
				660033EB18F9D0FF00B90787 /* Debug */,
				660033EC18F9D0FF00B90787 /* Release */,
			);
			defaultConfigurationIsVisible = 0;
			defaultConfigurationName = Release;
		};
		660033ED18F9D0FF00B90787 /* Build configuration list for PBXNativeTarget "twitter" */ = {
			isa = XCConfigurationList;
			buildConfigurations = (
				660033EE18F9D0FF00B90787 /* Debug */,
				660033EF18F9D0FF00B90787 /* Release */,
			);
			defaultConfigurationIsVisible = 0;
			defaultConfigurationName = Release;
		};
		660033F018F9D0FF00B90787 /* Build configuration list for PBXNativeTarget "twitterTests" */ = {
			isa = XCConfigurationList;
			buildConfigurations = (
				660033F118F9D0FF00B90787 /* Debug */,
				660033F218F9D0FF00B90787 /* Release */,
			);
			defaultConfigurationIsVisible = 0;
			defaultConfigurationName = Release;
		};
/* End XCConfigurationList section */
	};
	rootObject = 660033B918F9D0FF00B90787 /* Project object */;
}
